// !$*UTF8*$!
{
	archiveVersion = 1;
	classes = {
	};
	objectVersion = 77;
	objects = {

/* Begin PBXBuildFile section */
		AA240F0D2F2C0000000D0EFA /* CrownPrix Watch App.app in Embed Watch Content */ = {isa = PBXBuildFile; fileRef = ED240F8B2F2BAC41000D0EFA /* CrownPrix Watch App.app */; settings = {ATTRIBUTES = (RemoveHeadersOnCopy, ); }; };
		ED240FE42F2BFEBC000D0EFA /* SVGPath in Frameworks */ = {isa = PBXBuildFile; productRef = ED240FAD2F2BAC43000D0EFA /* SVGPath */; };
		ED240FE52F2BFEBC000D0EFA /* SVGPath in Frameworks */ = {isa = PBXBuildFile; productRef = ED240FAE2F2BAC43000D0EFA /* SVGPath */; };
/* End PBXBuildFile section */

/* Begin PBXContainerItemProxy section */
		AA240F0B2F2C0000000D0EFA /* PBXContainerItemProxy */ = {
			isa = PBXContainerItemProxy;
			containerPortal = ED240F832F2BAC41000D0EFA /* Project object */;
			proxyType = 1;
			remoteGlobalIDString = ED240F8A2F2BAC41000D0EFA;
			remoteInfo = "CrownPrix Watch App";
		};
		ED240FAB2F2BAC43000D0EFA /* PBXContainerItemProxy */ = {
			isa = PBXContainerItemProxy;
			containerPortal = ED240F832F2BAC41000D0EFA /* Project object */;
			proxyType = 1;
			remoteGlobalIDString = ED240F8A2F2BAC41000D0EFA;
			remoteInfo = "CrownPrix Watch App";
		};
/* End PBXContainerItemProxy section */

/* Begin PBXCopyFilesBuildPhase section */
		AA240F062F2C0000000D0EFA /* Embed Watch Content */ = {
			isa = PBXCopyFilesBuildPhase;
			buildActionMask = 2147483647;
			dstPath = "$(CONTENTS_FOLDER_PATH)/Watch";
			dstSubfolderSpec = 16;
			files = (
				AA240F0D2F2C0000000D0EFA /* CrownPrix Watch App.app in Embed Watch Content */,
			);
			name = "Embed Watch Content";
			runOnlyForDeploymentPostprocessing = 0;
		};
/* End PBXCopyFilesBuildPhase section */

/* Begin PBXFileReference section */
		AA240F012F2C0000000D0EFA /* CrownPrix.app */ = {isa = PBXFileReference; explicitFileType = wrapper.application; includeInIndex = 0; path = CrownPrix.app; sourceTree = BUILT_PRODUCTS_DIR; };
		ED240F8B2F2BAC41000D0EFA /* CrownPrix Watch App.app */ = {isa = PBXFileReference; explicitFileType = wrapper.application; includeInIndex = 0; path = "CrownPrix Watch App.app"; sourceTree = BUILT_PRODUCTS_DIR; };
		ED240FA22F2BAC43000D0EFA /* CrownPrixTests.xctest */ = {isa = PBXFileReference; explicitFileType = wrapper.cfbundle; includeInIndex = 0; path = CrownPrixTests.xctest; sourceTree = BUILT_PRODUCTS_DIR; };
/* End PBXFileReference section */

/* Begin PBXFileSystemSynchronizedBuildFileExceptionSet section */
		ED87FA842F2E6B1C00AB9AB1 /* Exceptions for "CrownPrix Watch App" folder in "CrownPrix" target */ = {
			isa = PBXFileSystemSynchronizedBuildFileExceptionSet;
			membershipExceptions = (
				Resources/AppIcon/CrownPrixIcon.icon,
			);
			target = AA240F072F2C0000000D0EFA /* CrownPrix */;
		};
/* End PBXFileSystemSynchronizedBuildFileExceptionSet section */

/* Begin PBXFileSystemSynchronizedRootGroup section */
		AA240F022F2C0000000D0EFA /* CrownPrix */ = {
			isa = PBXFileSystemSynchronizedRootGroup;
			path = CrownPrix;
			sourceTree = "<group>";
		};
		ED240F8D2F2BAC41000D0EFA /* CrownPrix Watch App */ = {
			isa = PBXFileSystemSynchronizedRootGroup;
			exceptions = (
				ED87FA842F2E6B1C00AB9AB1 /* Exceptions for "CrownPrix Watch App" folder in "CrownPrix" target */,
			);
			path = "CrownPrix Watch App";
			sourceTree = "<group>";
		};
		ED240FA32F2BAC43000D0EFA /* CrownPrixTests */ = {
			isa = PBXFileSystemSynchronizedRootGroup;
			path = CrownPrixTests;
			sourceTree = "<group>";
		};
/* End PBXFileSystemSynchronizedRootGroup section */

/* Begin PBXFrameworksBuildPhase section */
		AA240F042F2C0000000D0EFA /* Frameworks */ = {
			isa = PBXFrameworksBuildPhase;
			buildActionMask = 2147483647;
			files = (
			);
			runOnlyForDeploymentPostprocessing = 0;
		};
		ED240F882F2BAC41000D0EFA /* Frameworks */ = {
			isa = PBXFrameworksBuildPhase;
			buildActionMask = 2147483647;
			files = (
				ED240FE42F2BFEBC000D0EFA /* SVGPath in Frameworks */,
			);
			runOnlyForDeploymentPostprocessing = 0;
		};
		ED240FA52F2BAC43000D0EFA /* Frameworks */ = {
			isa = PBXFrameworksBuildPhase;
			buildActionMask = 2147483647;
			files = (
				ED240FE52F2BFEBC000D0EFA /* SVGPath in Frameworks */,
			);
			runOnlyForDeploymentPostprocessing = 0;
		};
/* End PBXFrameworksBuildPhase section */

/* Begin PBXGroup section */
		ED240F822F2BAC41000D0EFA = {
			isa = PBXGroup;
			children = (
				AA240F022F2C0000000D0EFA /* CrownPrix */,
				ED240F8D2F2BAC41000D0EFA /* CrownPrix Watch App */,
				ED240FA32F2BAC43000D0EFA /* CrownPrixTests */,
				ED240F8C2F2BAC41000D0EFA /* Products */,
			);
			sourceTree = "<group>";
		};
		ED240F8C2F2BAC41000D0EFA /* Products */ = {
			isa = PBXGroup;
			children = (
				AA240F012F2C0000000D0EFA /* CrownPrix.app */,
				ED240F8B2F2BAC41000D0EFA /* CrownPrix Watch App.app */,
				ED240FA22F2BAC43000D0EFA /* CrownPrixTests.xctest */,
			);
			name = Products;
			sourceTree = "<group>";
		};
/* End PBXGroup section */

/* Begin PBXNativeTarget section */
		AA240F072F2C0000000D0EFA /* CrownPrix */ = {
			isa = PBXNativeTarget;
			buildConfigurationList = AA240F0A2F2C0000000D0EFA /* Build configuration list for PBXNativeTarget "CrownPrix" */;
			buildPhases = (
				AA240F032F2C0000000D0EFA /* Sources */,
				AA240F042F2C0000000D0EFA /* Frameworks */,
				AA240F052F2C0000000D0EFA /* Resources */,
				AA240F062F2C0000000D0EFA /* Embed Watch Content */,
			);
			buildRules = (
			);
			dependencies = (
				AA240F0C2F2C0000000D0EFA /* PBXTargetDependency */,
			);
			fileSystemSynchronizedGroups = (
				AA240F022F2C0000000D0EFA /* CrownPrix */,
			);
			name = CrownPrix;
			productName = CrownPrix;
			productReference = AA240F012F2C0000000D0EFA /* CrownPrix.app */;
			productType = "com.apple.product-type.application";
		};
		ED240F8A2F2BAC41000D0EFA /* CrownPrix Watch App */ = {
			isa = PBXNativeTarget;
			buildConfigurationList = ED240F962F2BAC42000D0EFA /* Build configuration list for PBXNativeTarget "CrownPrix Watch App" */;
			buildPhases = (
				ED240F872F2BAC41000D0EFA /* Sources */,
				ED240F882F2BAC41000D0EFA /* Frameworks */,
				ED240F892F2BAC41000D0EFA /* Resources */,
			);
			buildRules = (
			);
			dependencies = (
			);
			fileSystemSynchronizedGroups = (
				ED240F8D2F2BAC41000D0EFA /* CrownPrix Watch App */,
			);
			name = "CrownPrix Watch App";
			packageProductDependencies = (
				ED240FAD2F2BAC43000D0EFA /* SVGPath */,
			);
			productName = "CrownPrix Watch App";
			productReference = ED240F8B2F2BAC41000D0EFA /* CrownPrix Watch App.app */;
			productType = "com.apple.product-type.application";
		};
		ED240FA12F2BAC43000D0EFA /* CrownPrixTests */ = {
			isa = PBXNativeTarget;
			buildConfigurationList = ED240FA92F2BAC43000D0EFA /* Build configuration list for PBXNativeTarget "CrownPrixTests" */;
			buildPhases = (
				ED240FA42F2BAC43000D0EFA /* Sources */,
				ED240FA52F2BAC43000D0EFA /* Frameworks */,
				ED240FA62F2BAC43000D0EFA /* Resources */,
			);
			buildRules = (
			);
			dependencies = (
				ED240FAA2F2BAC43000D0EFA /* PBXTargetDependency */,
			);
			fileSystemSynchronizedGroups = (
				ED240FA32F2BAC43000D0EFA /* CrownPrixTests */,
			);
			name = CrownPrixTests;
			packageProductDependencies = (
				ED240FAE2F2BAC43000D0EFA /* SVGPath */,
			);
			productName = CrownPrixTests;
			productReference = ED240FA22F2BAC43000D0EFA /* CrownPrixTests.xctest */;
			productType = "com.apple.product-type.bundle.unit-test";
		};
/* End PBXNativeTarget section */

/* Begin PBXProject section */
		ED240F832F2BAC41000D0EFA /* Project object */ = {
			isa = PBXProject;
			attributes = {
				BuildIndependentTargetsInParallel = 1;
				LastSwiftUpdateCheck = 2600;
				LastUpgradeCheck = 2600;
				TargetAttributes = {
					AA240F072F2C0000000D0EFA = {
						CreatedOnToolsVersion = 26.0;
					};
					ED240F8A2F2BAC41000D0EFA = {
						CreatedOnToolsVersion = 26.0;
					};
					ED240FA12F2BAC43000D0EFA = {
						CreatedOnToolsVersion = 26.0;
						TestTargetID = ED240F8A2F2BAC41000D0EFA;
					};
				};
			};
			buildConfigurationList = ED240F862F2BAC41000D0EFA /* Build configuration list for PBXProject "CrownPrix" */;
			developmentRegion = en;
			hasScannedForEncodings = 0;
			knownRegions = (
				en,
				Base,
			);
			mainGroup = ED240F822F2BAC41000D0EFA;
			minimizedProjectReferenceProxies = 1;
			packageReferences = (
				ED240FAC2F2BAC43000D0EFA /* XCRemoteSwiftPackageReference "SVGPath" */,
			);
			preferredProjectObjectVersion = 77;
			productRefGroup = ED240F8C2F2BAC41000D0EFA /* Products */;
			projectDirPath = "";
			projectRoot = "";
			targets = (
				AA240F072F2C0000000D0EFA /* CrownPrix */,
				ED240F8A2F2BAC41000D0EFA /* CrownPrix Watch App */,
				ED240FA12F2BAC43000D0EFA /* CrownPrixTests */,
			);
		};
/* End PBXProject section */

/* Begin PBXResourcesBuildPhase section */
		AA240F052F2C0000000D0EFA /* Resources */ = {
			isa = PBXResourcesBuildPhase;
			buildActionMask = 2147483647;
			files = (
			);
			runOnlyForDeploymentPostprocessing = 0;
		};
		ED240F892F2BAC41000D0EFA /* Resources */ = {
			isa = PBXResourcesBuildPhase;
			buildActionMask = 2147483647;
			files = (
			);
			runOnlyForDeploymentPostprocessing = 0;
		};
		ED240FA62F2BAC43000D0EFA /* Resources */ = {
			isa = PBXResourcesBuildPhase;
			buildActionMask = 2147483647;
			files = (
			);
			runOnlyForDeploymentPostprocessing = 0;
		};
/* End PBXResourcesBuildPhase section */

/* Begin PBXSourcesBuildPhase section */
		AA240F032F2C0000000D0EFA /* Sources */ = {
			isa = PBXSourcesBuildPhase;
			buildActionMask = 2147483647;
			files = (
			);
			runOnlyForDeploymentPostprocessing = 0;
		};
		ED240F872F2BAC41000D0EFA /* Sources */ = {
			isa = PBXSourcesBuildPhase;
			buildActionMask = 2147483647;
			files = (
			);
			runOnlyForDeploymentPostprocessing = 0;
		};
		ED240FA42F2BAC43000D0EFA /* Sources */ = {
			isa = PBXSourcesBuildPhase;
			buildActionMask = 2147483647;
			files = (
			);
			runOnlyForDeploymentPostprocessing = 0;
		};
/* End PBXSourcesBuildPhase section */

/* Begin PBXTargetDependency section */
		AA240F0C2F2C0000000D0EFA /* PBXTargetDependency */ = {
			isa = PBXTargetDependency;
			target = ED240F8A2F2BAC41000D0EFA /* CrownPrix Watch App */;
			targetProxy = AA240F0B2F2C0000000D0EFA /* PBXContainerItemProxy */;
		};
		ED240FAA2F2BAC43000D0EFA /* PBXTargetDependency */ = {
			isa = PBXTargetDependency;
			target = ED240F8A2F2BAC41000D0EFA /* CrownPrix Watch App */;
			targetProxy = ED240FAB2F2BAC43000D0EFA /* PBXContainerItemProxy */;
		};
/* End PBXTargetDependency section */

/* Begin XCBuildConfiguration section */
		AA240F082F2C0000000D0EFA /* Debug */ = {
			isa = XCBuildConfiguration;
			buildSettings = {
				ASSETCATALOG_COMPILER_APPICON_NAME = CrownPrixIcon;
				CODE_SIGN_STYLE = Automatic;
				CURRENT_PROJECT_VERSION = 1;
				DEVELOPMENT_TEAM = 9ZMW52M7L5;
				GENERATE_INFOPLIST_FILE = YES;
				INFOPLIST_KEY_CFBundleDisplayName = "Crown Prix";
				INFOPLIST_KEY_ITSAppUsesNonExemptEncryption = NO;
				INFOPLIST_KEY_LSApplicationCategoryType = "public.app-category.racing-games";
				INFOPLIST_KEY_UIApplicationSceneManifest_Generation = YES;
				INFOPLIST_KEY_UIApplicationSupportsIndirectInputEvents = YES;
				INFOPLIST_KEY_UILaunchScreen_Generation = YES;
				INFOPLIST_KEY_UISupportedInterfaceOrientations_iPad = "UIInterfaceOrientationPortrait UIInterfaceOrientationPortraitUpsideDown UIInterfaceOrientationLandscapeLeft UIInterfaceOrientationLandscapeRight";
				INFOPLIST_KEY_UISupportedInterfaceOrientations_iPhone = "UIInterfaceOrientationPortrait UIInterfaceOrientationLandscapeLeft UIInterfaceOrientationLandscapeRight";
				IPHONEOS_DEPLOYMENT_TARGET = 17.0;
				LD_RUNPATH_SEARCH_PATHS = (
					"$(inherited)",
					"@executable_path/Frameworks",
				);
				MARKETING_VERSION = 1.0;
				PRODUCT_BUNDLE_IDENTIFIER = dev.sijun.crownprix;
				PRODUCT_NAME = "$(TARGET_NAME)";
				SDKROOT = iphoneos;
				SKIP_INSTALL = NO;
				SWIFT_APPROACHABLE_CONCURRENCY = YES;
				SWIFT_DEFAULT_ACTOR_ISOLATION = MainActor;
				SWIFT_EMIT_LOC_STRINGS = YES;
				SWIFT_VERSION = 5.0;
				TARGETED_DEVICE_FAMILY = "1,2";
			};
			name = Debug;
		};
		AA240F092F2C0000000D0EFA /* Release */ = {
			isa = XCBuildConfiguration;
			buildSettings = {
				ASSETCATALOG_COMPILER_APPICON_NAME = CrownPrixIcon;
				CODE_SIGN_STYLE = Automatic;
				CURRENT_PROJECT_VERSION = 1;
				DEVELOPMENT_TEAM = 9ZMW52M7L5;
				GENERATE_INFOPLIST_FILE = YES;
				INFOPLIST_KEY_CFBundleDisplayName = "Crown Prix";
				INFOPLIST_KEY_ITSAppUsesNonExemptEncryption = NO;
				INFOPLIST_KEY_LSApplicationCategoryType = "public.app-category.racing-games";
				INFOPLIST_KEY_UIApplicationSceneManifest_Generation = YES;
				INFOPLIST_KEY_UIApplicationSupportsIndirectInputEvents = YES;
				INFOPLIST_KEY_UILaunchScreen_Generation = YES;
				INFOPLIST_KEY_UISupportedInterfaceOrientations_iPad = "UIInterfaceOrientationPortrait UIInterfaceOrientationPortraitUpsideDown UIInterfaceOrientationLandscapeLeft UIInterfaceOrientationLandscapeRight";
				INFOPLIST_KEY_UISupportedInterfaceOrientations_iPhone = "UIInterfaceOrientationPortrait UIInterfaceOrientationLandscapeLeft UIInterfaceOrientationLandscapeRight";
				IPHONEOS_DEPLOYMENT_TARGET = 17.0;
				LD_RUNPATH_SEARCH_PATHS = (
					"$(inherited)",
					"@executable_path/Frameworks",
				);
				MARKETING_VERSION = 1.0;
				PRODUCT_BUNDLE_IDENTIFIER = dev.sijun.crownprix;
				PRODUCT_NAME = "$(TARGET_NAME)";
				SDKROOT = iphoneos;
				SKIP_INSTALL = NO;
				SWIFT_APPROACHABLE_CONCURRENCY = YES;
				SWIFT_DEFAULT_ACTOR_ISOLATION = MainActor;
				SWIFT_EMIT_LOC_STRINGS = YES;
				SWIFT_VERSION = 5.0;
				TARGETED_DEVICE_FAMILY = "1,2";
				VALIDATE_PRODUCT = YES;
			};
			name = Release;
		};
		ED240F942F2BAC42000D0EFA /* Debug */ = {
			isa = XCBuildConfiguration;
			buildSettings = {
				ALWAYS_SEARCH_USER_PATHS = NO;
				ASSETCATALOG_COMPILER_GENERATE_SWIFT_ASSET_SYMBOL_EXTENSIONS = YES;
				CLANG_ANALYZER_NONNULL = YES;
				CLANG_ANALYZER_NUMBER_OBJECT_CONVERSION = YES_AGGRESSIVE;
				CLANG_CXX_LANGUAGE_STANDARD = "gnu++20";
				CLANG_ENABLE_MODULES = YES;
				CLANG_ENABLE_OBJC_ARC = YES;
				CLANG_ENABLE_OBJC_WEAK = YES;
				CLANG_WARN_BLOCK_CAPTURE_AUTORELEASING = YES;
				CLANG_WARN_BOOL_CONVERSION = YES;
				CLANG_WARN_COMMA = YES;
				CLANG_WARN_CONSTANT_CONVERSION = YES;
				CLANG_WARN_DEPRECATED_OBJC_IMPLEMENTATIONS = YES;
				CLANG_WARN_DIRECT_OBJC_ISA_USAGE = YES_ERROR;
				CLANG_WARN_DOCUMENTATION_COMMENTS = YES;
				CLANG_WARN_EMPTY_BODY = YES;
				CLANG_WARN_ENUM_CONVERSION = YES;
				CLANG_WARN_INFINITE_RECURSION = YES;
				CLANG_WARN_INT_CONVERSION = YES;
				CLANG_WARN_NON_LITERAL_NULL_CONVERSION = YES;
				CLANG_WARN_OBJC_IMPLICIT_RETAIN_SELF = YES;
				CLANG_WARN_OBJC_LITERAL_CONVERSION = YES;
				CLANG_WARN_OBJC_ROOT_CLASS = YES_ERROR;
				CLANG_WARN_QUOTED_INCLUDE_IN_FRAMEWORK_HEADER = YES;
				CLANG_WARN_RANGE_LOOP_ANALYSIS = YES;
				CLANG_WARN_STRICT_PROTOTYPES = YES;
				CLANG_WARN_SUSPICIOUS_MOVE = YES;
				CLANG_WARN_UNGUARDED_AVAILABILITY = YES_AGGRESSIVE;
				CLANG_WARN_UNREACHABLE_CODE = YES;
				CLANG_WARN__DUPLICATE_METHOD_MATCH = YES;
				COPY_PHASE_STRIP = NO;
				DEBUG_INFORMATION_FORMAT = dwarf;
				DEVELOPMENT_TEAM = 9ZMW52M7L5;
				ENABLE_STRICT_OBJC_MSGSEND = YES;
				ENABLE_TESTABILITY = YES;
				ENABLE_USER_SCRIPT_SANDBOXING = YES;
				GCC_C_LANGUAGE_STANDARD = gnu17;
				GCC_DYNAMIC_NO_PIC = NO;
				GCC_NO_COMMON_BLOCKS = YES;
				GCC_OPTIMIZATION_LEVEL = 0;
				GCC_PREPROCESSOR_DEFINITIONS = (
					"DEBUG=1",
					"$(inherited)",
				);
				GCC_WARN_64_TO_32_BIT_CONVERSION = YES;
				GCC_WARN_ABOUT_RETURN_TYPE = YES_ERROR;
				GCC_WARN_UNDECLARED_SELECTOR = YES;
				GCC_WARN_UNINITIALIZED_AUTOS = YES_AGGRESSIVE;
				GCC_WARN_UNUSED_FUNCTION = YES;
				GCC_WARN_UNUSED_VARIABLE = YES;
				LOCALIZATION_PREFERS_STRING_CATALOGS = YES;
				MTL_ENABLE_DEBUG_INFO = INCLUDE_SOURCE;
				MTL_FAST_MATH = YES;
				ONLY_ACTIVE_ARCH = YES;
				SWIFT_ACTIVE_COMPILATION_CONDITIONS = "DEBUG $(inherited)";
				SWIFT_OPTIMIZATION_LEVEL = "-Onone";
			};
			name = Debug;
		};
		ED240F952F2BAC42000D0EFA /* Release */ = {
			isa = XCBuildConfiguration;
			buildSettings = {
				ALWAYS_SEARCH_USER_PATHS = NO;
				ASSETCATALOG_COMPILER_GENERATE_SWIFT_ASSET_SYMBOL_EXTENSIONS = YES;
				CLANG_ANALYZER_NONNULL = YES;
				CLANG_ANALYZER_NUMBER_OBJECT_CONVERSION = YES_AGGRESSIVE;
				CLANG_CXX_LANGUAGE_STANDARD = "gnu++20";
				CLANG_ENABLE_MODULES = YES;
				CLANG_ENABLE_OBJC_ARC = YES;
				CLANG_ENABLE_OBJC_WEAK = YES;
				CLANG_WARN_BLOCK_CAPTURE_AUTORELEASING = YES;
				CLANG_WARN_BOOL_CONVERSION = YES;
				CLANG_WARN_COMMA = YES;
				CLANG_WARN_CONSTANT_CONVERSION = YES;
				CLANG_WARN_DEPRECATED_OBJC_IMPLEMENTATIONS = YES;
				CLANG_WARN_DIRECT_OBJC_ISA_USAGE = YES_ERROR;
				CLANG_WARN_DOCUMENTATION_COMMENTS = YES;
				CLANG_WARN_EMPTY_BODY = YES;
				CLANG_WARN_ENUM_CONVERSION = YES;
				CLANG_WARN_INFINITE_RECURSION = YES;
				CLANG_WARN_INT_CONVERSION = YES;
				CLANG_WARN_NON_LITERAL_NULL_CONVERSION = YES;
				CLANG_WARN_OBJC_IMPLICIT_RETAIN_SELF = YES;
				CLANG_WARN_OBJC_LITERAL_CONVERSION = YES;
				CLANG_WARN_OBJC_ROOT_CLASS = YES_ERROR;
				CLANG_WARN_QUOTED_INCLUDE_IN_FRAMEWORK_HEADER = YES;
				CLANG_WARN_RANGE_LOOP_ANALYSIS = YES;
				CLANG_WARN_STRICT_PROTOTYPES = YES;
				CLANG_WARN_SUSPICIOUS_MOVE = YES;
				CLANG_WARN_UNGUARDED_AVAILABILITY = YES_AGGRESSIVE;
				CLANG_WARN_UNREACHABLE_CODE = YES;
				CLANG_WARN__DUPLICATE_METHOD_MATCH = YES;
				COPY_PHASE_STRIP = NO;
				DEBUG_INFORMATION_FORMAT = "dwarf-with-dsym";
				DEVELOPMENT_TEAM = 9ZMW52M7L5;
				ENABLE_NS_ASSERTIONS = NO;
				ENABLE_STRICT_OBJC_MSGSEND = YES;
				ENABLE_USER_SCRIPT_SANDBOXING = YES;
				GCC_C_LANGUAGE_STANDARD = gnu17;
				GCC_NO_COMMON_BLOCKS = YES;
				GCC_WARN_64_TO_32_BIT_CONVERSION = YES;
				GCC_WARN_ABOUT_RETURN_TYPE = YES_ERROR;
				GCC_WARN_UNDECLARED_SELECTOR = YES;
				GCC_WARN_UNINITIALIZED_AUTOS = YES_AGGRESSIVE;
				GCC_WARN_UNUSED_FUNCTION = YES;
				GCC_WARN_UNUSED_VARIABLE = YES;
				LOCALIZATION_PREFERS_STRING_CATALOGS = YES;
				MTL_ENABLE_DEBUG_INFO = NO;
				MTL_FAST_MATH = YES;
				SWIFT_COMPILATION_MODE = wholemodule;
			};
			name = Release;
		};
		ED240F972F2BAC42000D0EFA /* Debug */ = {
			isa = XCBuildConfiguration;
			buildSettings = {
				ASSETCATALOG_COMPILER_APPICON_NAME = CrownPrixIcon;
				ASSETCATALOG_COMPILER_GLOBAL_ACCENT_COLOR_NAME = AccentColor;
				CODE_SIGN_ENTITLEMENTS = "CrownPrix Watch App/CrownPrix Watch App.entitlements";
				CODE_SIGN_STYLE = Automatic;
				CURRENT_PROJECT_VERSION = 1;
				DEVELOPMENT_TEAM = 9ZMW52M7L5;
				ENABLE_PREVIEWS = YES;
				GENERATE_INFOPLIST_FILE = YES;
				INFOPLIST_KEY_CFBundleDisplayName = "Crown Prix";
				INFOPLIST_KEY_ITSAppUsesNonExemptEncryption = NO;
				INFOPLIST_KEY_UISupportedInterfaceOrientations = "UIInterfaceOrientationPortrait UIInterfaceOrientationPortraitUpsideDown";
				INFOPLIST_KEY_WKApplication = YES;
				INFOPLIST_KEY_WKCompanionAppBundleIdentifier = dev.sijun.crownprix;
				INFOPLIST_KEY_WKRunsIndependentlyOfCompanionApp = YES;
				LD_RUNPATH_SEARCH_PATHS = (
					"$(inherited)",
					"@executable_path/Frameworks",
				);
				MARKETING_VERSION = 1.0;
				PRODUCT_BUNDLE_IDENTIFIER = dev.sijun.crownprix.watchapp;
				PRODUCT_NAME = "$(TARGET_NAME)";
				PROVISIONING_PROFILE_SPECIFIER = "";
				SDKROOT = watchos;
				SKIP_INSTALL = YES;
				STRING_CATALOG_GENERATE_SYMBOLS = YES;
				SWIFT_APPROACHABLE_CONCURRENCY = YES;
				SWIFT_DEFAULT_ACTOR_ISOLATION = MainActor;
				SWIFT_EMIT_LOC_STRINGS = YES;
				SWIFT_UPCOMING_FEATURE_MEMBER_IMPORT_VISIBILITY = YES;
				SWIFT_VERSION = 5.0;
				TARGETED_DEVICE_FAMILY = 4;
				WATCHOS_DEPLOYMENT_TARGET = 10.0;
			};
			name = Debug;
		};
		ED240F982F2BAC42000D0EFA /* Release */ = {
			isa = XCBuildConfiguration;
			buildSettings = {
				ASSETCATALOG_COMPILER_APPICON_NAME = CrownPrixIcon;
				ASSETCATALOG_COMPILER_GLOBAL_ACCENT_COLOR_NAME = AccentColor;
				CODE_SIGN_ENTITLEMENTS = "CrownPrix Watch App/CrownPrix Watch App.entitlements";
				CODE_SIGN_STYLE = Automatic;
				CURRENT_PROJECT_VERSION = 1;
				DEVELOPMENT_TEAM = 9ZMW52M7L5;
				ENABLE_PREVIEWS = YES;
				GENERATE_INFOPLIST_FILE = YES;
				INFOPLIST_KEY_CFBundleDisplayName = "Crown Prix";
				INFOPLIST_KEY_ITSAppUsesNonExemptEncryption = NO;
				INFOPLIST_KEY_UISupportedInterfaceOrientations = "UIInterfaceOrientationPortrait UIInterfaceOrientationPortraitUpsideDown";
				INFOPLIST_KEY_WKApplication = YES;
				INFOPLIST_KEY_WKCompanionAppBundleIdentifier = dev.sijun.crownprix;
				INFOPLIST_KEY_WKRunsIndependentlyOfCompanionApp = YES;
				LD_RUNPATH_SEARCH_PATHS = (
					"$(inherited)",
					"@executable_path/Frameworks",
				);
				MARKETING_VERSION = 1.0;
				PRODUCT_BUNDLE_IDENTIFIER = dev.sijun.crownprix.watchapp;
				PRODUCT_NAME = "$(TARGET_NAME)";
				PROVISIONING_PROFILE_SPECIFIER = "";
				SDKROOT = watchos;
				SKIP_INSTALL = YES;
				STRING_CATALOG_GENERATE_SYMBOLS = YES;
				SWIFT_APPROACHABLE_CONCURRENCY = YES;
				SWIFT_DEFAULT_ACTOR_ISOLATION = MainActor;
				SWIFT_EMIT_LOC_STRINGS = YES;
				SWIFT_UPCOMING_FEATURE_MEMBER_IMPORT_VISIBILITY = YES;
				SWIFT_VERSION = 5.0;
				TARGETED_DEVICE_FAMILY = 4;
				VALIDATE_PRODUCT = YES;
				WATCHOS_DEPLOYMENT_TARGET = 10.0;
			};
			name = Release;
		};
		ED240FA72F2BAC43000D0EFA /* Debug */ = {
			isa = XCBuildConfiguration;
			buildSettings = {
				BUNDLE_LOADER = "$(TEST_HOST)";
				CODE_SIGN_STYLE = Automatic;
				CURRENT_PROJECT_VERSION = 1;
				DEVELOPMENT_TEAM = 9ZMW52M7L5;
				GENERATE_INFOPLIST_FILE = YES;
				MARKETING_VERSION = 1.0;
				PRODUCT_BUNDLE_IDENTIFIER = com.crownprix.watchapp.tests;
				PRODUCT_NAME = "$(TARGET_NAME)";
				SDKROOT = watchos;
				SWIFT_APPROACHABLE_CONCURRENCY = YES;
				SWIFT_DEFAULT_ACTOR_ISOLATION = MainActor;
				SWIFT_EMIT_LOC_STRINGS = NO;
				SWIFT_VERSION = 5.0;
				TARGETED_DEVICE_FAMILY = 4;
				TEST_HOST = "$(BUILT_PRODUCTS_DIR)/CrownPrix Watch App.app/$(BUNDLE_EXECUTABLE_FOLDER_PATH)/CrownPrix Watch App";
				WATCHOS_DEPLOYMENT_TARGET = 26.0;
			};
			name = Debug;
		};
		ED240FA82F2BAC43000D0EFA /* Release */ = {
			isa = XCBuildConfiguration;
			buildSettings = {
				BUNDLE_LOADER = "$(TEST_HOST)";
				CODE_SIGN_STYLE = Automatic;
				CURRENT_PROJECT_VERSION = 1;
				DEVELOPMENT_TEAM = 9ZMW52M7L5;
				GENERATE_INFOPLIST_FILE = YES;
				MARKETING_VERSION = 1.0;
				PRODUCT_BUNDLE_IDENTIFIER = com.crownprix.watchapp.tests;
				PRODUCT_NAME = "$(TARGET_NAME)";
				SDKROOT = watchos;
				SWIFT_APPROACHABLE_CONCURRENCY = YES;
				SWIFT_DEFAULT_ACTOR_ISOLATION = MainActor;
				SWIFT_EMIT_LOC_STRINGS = NO;
				SWIFT_VERSION = 5.0;
				TARGETED_DEVICE_FAMILY = 4;
				TEST_HOST = "$(BUILT_PRODUCTS_DIR)/CrownPrix Watch App.app/$(BUNDLE_EXECUTABLE_FOLDER_PATH)/CrownPrix Watch App";
				VALIDATE_PRODUCT = YES;
				WATCHOS_DEPLOYMENT_TARGET = 26.0;
			};
			name = Release;
		};
/* End XCBuildConfiguration section */

/* Begin XCConfigurationList section */
		AA240F0A2F2C0000000D0EFA /* Build configuration list for PBXNativeTarget "CrownPrix" */ = {
			isa = XCConfigurationList;
			buildConfigurations = (
				AA240F082F2C0000000D0EFA /* Debug */,
				AA240F092F2C0000000D0EFA /* Release */,
			);
			defaultConfigurationIsVisible = 0;
			defaultConfigurationName = Release;
		};
		ED240F862F2BAC41000D0EFA /* Build configuration list for PBXProject "CrownPrix" */ = {
			isa = XCConfigurationList;
			buildConfigurations = (
				ED240F942F2BAC42000D0EFA /* Debug */,
				ED240F952F2BAC42000D0EFA /* Release */,
			);
			defaultConfigurationIsVisible = 0;
			defaultConfigurationName = Release;
		};
		ED240F962F2BAC42000D0EFA /* Build configuration list for PBXNativeTarget "CrownPrix Watch App" */ = {
			isa = XCConfigurationList;
			buildConfigurations = (
				ED240F972F2BAC42000D0EFA /* Debug */,
				ED240F982F2BAC42000D0EFA /* Release */,
			);
			defaultConfigurationIsVisible = 0;
			defaultConfigurationName = Release;
		};
		ED240FA92F2BAC43000D0EFA /* Build configuration list for PBXNativeTarget "CrownPrixTests" */ = {
			isa = XCConfigurationList;
			buildConfigurations = (
				ED240FA72F2BAC43000D0EFA /* Debug */,
				ED240FA82F2BAC43000D0EFA /* Release */,
			);
			defaultConfigurationIsVisible = 0;
			defaultConfigurationName = Release;
		};
/* End XCConfigurationList section */

/* Begin XCRemoteSwiftPackageReference section */
		ED240FAC2F2BAC43000D0EFA /* XCRemoteSwiftPackageReference "SVGPath" */ = {
			isa = XCRemoteSwiftPackageReference;
			repositoryURL = "https://github.com/nicklockwood/SVGPath";
			requirement = {
				kind = upToNextMajorVersion;
				minimumVersion = 1.1.4;
			};
		};
/* End XCRemoteSwiftPackageReference section */

/* Begin XCSwiftPackageProductDependency section */
		ED240FAD2F2BAC43000D0EFA /* SVGPath */ = {
			isa = XCSwiftPackageProductDependency;
			package = ED240FAC2F2BAC43000D0EFA /* XCRemoteSwiftPackageReference "SVGPath" */;
			productName = SVGPath;
		};
		ED240FAE2F2BAC43000D0EFA /* SVGPath */ = {
			isa = XCSwiftPackageProductDependency;
			package = ED240FAC2F2BAC43000D0EFA /* XCRemoteSwiftPackageReference "SVGPath" */;
			productName = SVGPath;
		};
/* End XCSwiftPackageProductDependency section */
	};
	rootObject = ED240F832F2BAC41000D0EFA /* Project object */;
}
